Microsoft Visual Studio Solution File, Format Version 12.00
# Visual Studio 14
Project("{8BC9CEB8-8B4A-11D0-8D11-00A0C91BC942}") = "ALL_BUILD", "ALL_BUILD.vcxproj", "{1EF68BD7-1D0C-3981-9AD5-BA23C213B7E2}"
	ProjectSection(ProjectDependencies) = postProject
		{E8FD773C-3D92-3091-9C8F-B1B0ABC6CE45} = {E8FD773C-3D92-3091-9C8F-B1B0ABC6CE45}
		{3BBE243A-5582-3A16-8893-95FDAE62B8B3} = {3BBE243A-5582-3A16-8893-95FDAE62B8B3}
		{B835FBB4-99B4-389D-BF67-A747C31C9F82} = {B835FBB4-99B4-389D-BF67-A747C31C9F82}
		{BD461D33-47D9-3CE2-BF1A-2DE2A176D687} = {BD461D33-47D9-3CE2-BF1A-2DE2A176D687}
		{3115D46B-821B-3325-88B9-CD58B5372C19} = {3115D46B-821B-3325-88B9-CD58B5372C19}
		{8F2A3058-92BF-3A3C-8174-0D4A1D49010B} = {8F2A3058-92BF-3A3C-8174-0D4A1D49010B}
		{4D91D0FE-D5C9-32DA-9DC0-34C8CE280E63} = {4D91D0FE-D5C9-32DA-9DC0-34C8CE280E63}
	EndProjectSection
EndProject
Project("{8BC9CEB8-8B4A-11D0-8D11-00A0C91BC942}") = "BoostParts", "..\BoostParts\BoostParts.vcxproj", "{34CAE1B8-DFAA-39D2-8ABA-DDE428FEF058}"
	ProjectSection(ProjectDependencies) = postProject
		{E8FD773C-3D92-3091-9C8F-B1B0ABC6CE45} = {E8FD773C-3D92-3091-9C8F-B1B0ABC6CE45}
	EndProjectSection
EndProject
Project("{8BC9CEB8-8B4A-11D0-8D11-00A0C91BC942}") = "ZERO_CHECK", "..\\ZERO_CHECK.vcxproj", "{E8FD773C-3D92-3091-9C8F-B1B0ABC6CE45}"
	ProjectSection(ProjectDependencies) = postProject
	EndProjectSection
EndProject
Project("{8BC9CEB8-8B4A-11D0-8D11-00A0C91BC942}") = "copy_testdata", "tests\copy_testdata.vcxproj", "{766F8D3C-2A01-3542-BAD4-D9A3B2CC6E0B}"
	ProjectSection(ProjectDependencies) = postProject
		{E8FD773C-3D92-3091-9C8F-B1B0ABC6CE45} = {E8FD773C-3D92-3091-9C8F-B1B0ABC6CE45}
	EndProjectSection
EndProject
Project("{8BC9CEB8-8B4A-11D0-8D11-00A0C91BC942}") = "gmock", "tests\gmock\gmock.vcxproj", "{3BBE243A-5582-3A16-8893-95FDAE62B8B3}"
	ProjectSection(ProjectDependencies) = postProject
		{E8FD773C-3D92-3091-9C8F-B1B0ABC6CE45} = {E8FD773C-3D92-3091-9C8F-B1B0ABC6CE45}
	EndProjectSection
EndProject
Project("{8BC9CEB8-8B4A-11D0-8D11-00A0C91BC942}") = "gmock_main", "tests\gmock\gmock_main.vcxproj", "{B835FBB4-99B4-389D-BF67-A747C31C9F82}"
	ProjectSection(ProjectDependencies) = postProject
		{E8FD773C-3D92-3091-9C8F-B1B0ABC6CE45} = {E8FD773C-3D92-3091-9C8F-B1B0ABC6CE45}
	EndProjectSection
EndProject
Project("{8BC9CEB8-8B4A-11D0-8D11-00A0C91BC942}") = "gtest", "tests\gmock\gtest\gtest.vcxproj", "{BD461D33-47D9-3CE2-BF1A-2DE2A176D687}"
	ProjectSection(ProjectDependencies) = postProject
		{E8FD773C-3D92-3091-9C8F-B1B0ABC6CE45} = {E8FD773C-3D92-3091-9C8F-B1B0ABC6CE45}
	EndProjectSection
EndProject
Project("{8BC9CEB8-8B4A-11D0-8D11-00A0C91BC942}") = "gtest_main", "tests\gmock\gtest\gtest_main.vcxproj", "{3115D46B-821B-3325-88B9-CD58B5372C19}"
	ProjectSection(ProjectDependencies) = postProject
		{E8FD773C-3D92-3091-9C8F-B1B0ABC6CE45} = {E8FD773C-3D92-3091-9C8F-B1B0ABC6CE45}
		{BD461D33-47D9-3CE2-BF1A-2DE2A176D687} = {BD461D33-47D9-3CE2-BF1A-2DE2A176D687}
	EndProjectSection
EndProject
Project("{8BC9CEB8-8B4A-11D0-8D11-00A0C91BC942}") = "ycm_core", "ycm_core.vcxproj", "{8F2A3058-92BF-3A3C-8174-0D4A1D49010B}"
	ProjectSection(ProjectDependencies) = postProject
		{34CAE1B8-DFAA-39D2-8ABA-DDE428FEF058} = {34CAE1B8-DFAA-39D2-8ABA-DDE428FEF058}
		{E8FD773C-3D92-3091-9C8F-B1B0ABC6CE45} = {E8FD773C-3D92-3091-9C8F-B1B0ABC6CE45}
	EndProjectSection
EndProject
Project("{8BC9CEB8-8B4A-11D0-8D11-00A0C91BC942}") = "ycm_core_tests", "tests\ycm_core_tests.vcxproj", "{4D91D0FE-D5C9-32DA-9DC0-34C8CE280E63}"
	ProjectSection(ProjectDependencies) = postProject
		{34CAE1B8-DFAA-39D2-8ABA-DDE428FEF058} = {34CAE1B8-DFAA-39D2-8ABA-DDE428FEF058}
		{E8FD773C-3D92-3091-9C8F-B1B0ABC6CE45} = {E8FD773C-3D92-3091-9C8F-B1B0ABC6CE45}
		{766F8D3C-2A01-3542-BAD4-D9A3B2CC6E0B} = {766F8D3C-2A01-3542-BAD4-D9A3B2CC6E0B}
		{3BBE243A-5582-3A16-8893-95FDAE62B8B3} = {3BBE243A-5582-3A16-8893-95FDAE62B8B3}
		{8F2A3058-92BF-3A3C-8174-0D4A1D49010B} = {8F2A3058-92BF-3A3C-8174-0D4A1D49010B}
	EndProjectSection
EndProject
Global
	GlobalSection(SolutionConfigurationPlatforms) = preSolution
		Debug|Win32 = Debug|Win32
		Release|Win32 = Release|Win32
		MinSizeRel|Win32 = MinSizeRel|Win32
		RelWithDebInfo|Win32 = RelWithDebInfo|Win32
	EndGlobalSection
	GlobalSection(ProjectConfigurationPlatforms) = postSolution
		{1EF68BD7-1D0C-3981-9AD5-BA23C213B7E2}.Debug|Win32.ActiveCfg = Debug|Win32
		{1EF68BD7-1D0C-3981-9AD5-BA23C213B7E2}.Release|Win32.ActiveCfg = Release|Win32
		{1EF68BD7-1D0C-3981-9AD5-BA23C213B7E2}.MinSizeRel|Win32.ActiveCfg = MinSizeRel|Win32
		{1EF68BD7-1D0C-3981-9AD5-BA23C213B7E2}.RelWithDebInfo|Win32.ActiveCfg = RelWithDebInfo|Win32
		{34CAE1B8-DFAA-39D2-8ABA-DDE428FEF058}.Debug|Win32.ActiveCfg = Debug|Win32
		{34CAE1B8-DFAA-39D2-8ABA-DDE428FEF058}.Debug|Win32.Build.0 = Debug|Win32
		{34CAE1B8-DFAA-39D2-8ABA-DDE428FEF058}.Release|Win32.ActiveCfg = Release|Win32
		{34CAE1B8-DFAA-39D2-8ABA-DDE428FEF058}.Release|Win32.Build.0 = Release|Win32
		{34CAE1B8-DFAA-39D2-8ABA-DDE428FEF058}.MinSizeRel|Win32.ActiveCfg = MinSizeRel|Win32
		{34CAE1B8-DFAA-39D2-8ABA-DDE428FEF058}.MinSizeRel|Win32.Build.0 = MinSizeRel|Win32
		{34CAE1B8-DFAA-39D2-8ABA-DDE428FEF058}.RelWithDebInfo|Win32.ActiveCfg = RelWithDebInfo|Win32
		{34CAE1B8-DFAA-39D2-8ABA-DDE428FEF058}.RelWithDebInfo|Win32.Build.0 = RelWithDebInfo|Win32
		{E8FD773C-3D92-3091-9C8F-B1B0ABC6CE45}.Debug|Win32.ActiveCfg = Debug|Win32
		{E8FD773C-3D92-3091-9C8F-B1B0ABC6CE45}.Debug|Win32.Build.0 = Debug|Win32
		{E8FD773C-3D92-3091-9C8F-B1B0ABC6CE45}.Release|Win32.ActiveCfg = Release|Win32
		{E8FD773C-3D92-3091-9C8F-B1B0ABC6CE45}.Release|Win32.Build.0 = Release|Win32
		{E8FD773C-3D92-3091-9C8F-B1B0ABC6CE45}.MinSizeRel|Win32.ActiveCfg = MinSizeRel|Win32
		{E8FD773C-3D92-3091-9C8F-B1B0ABC6CE45}.MinSizeRel|Win32.Build.0 = MinSizeRel|Win32
		{E8FD773C-3D92-3091-9C8F-B1B0ABC6CE45}.RelWithDebInfo|Win32.ActiveCfg = RelWithDebInfo|Win32
		{E8FD773C-3D92-3091-9C8F-B1B0ABC6CE45}.RelWithDebInfo|Win32.Build.0 = RelWithDebInfo|Win32
		{766F8D3C-2A01-3542-BAD4-D9A3B2CC6E0B}.Debug|Win32.ActiveCfg = Debug|Win32
		{766F8D3C-2A01-3542-BAD4-D9A3B2CC6E0B}.Debug|Win32.Build.0 = Debug|Win32
		{766F8D3C-2A01-3542-BAD4-D9A3B2CC6E0B}.Release|Win32.ActiveCfg = Release|Win32
		{766F8D3C-2A01-3542-BAD4-D9A3B2CC6E0B}.Release|Win32.Build.0 = Release|Win32
		{766F8D3C-2A01-3542-BAD4-D9A3B2CC6E0B}.MinSizeRel|Win32.ActiveCfg = MinSizeRel|Win32
		{766F8D3C-2A01-3542-BAD4-D9A3B2CC6E0B}.MinSizeRel|Win32.Build.0 = MinSizeRel|Win32
		{766F8D3C-2A01-3542-BAD4-D9A3B2CC6E0B}.RelWithDebInfo|Win32.ActiveCfg = RelWithDebInfo|Win32
		{766F8D3C-2A01-3542-BAD4-D9A3B2CC6E0B}.RelWithDebInfo|Win32.Build.0 = RelWithDebInfo|Win32
		{3BBE243A-5582-3A16-8893-95FDAE62B8B3}.Debug|Win32.ActiveCfg = Debug|Win32
		{3BBE243A-5582-3A16-8893-95FDAE62B8B3}.Debug|Win32.Build.0 = Debug|Win32
		{3BBE243A-5582-3A16-8893-95FDAE62B8B3}.Release|Win32.ActiveCfg = Release|Win32
		{3BBE243A-5582-3A16-8893-95FDAE62B8B3}.Release|Win32.Build.0 = Release|Win32
		{3BBE243A-5582-3A16-8893-95FDAE62B8B3}.MinSizeRel|Win32.ActiveCfg = MinSizeRel|Win32
		{3BBE243A-5582-3A16-8893-95FDAE62B8B3}.MinSizeRel|Win32.Build.0 = MinSizeRel|Win32
		{3BBE243A-5582-3A16-8893-95FDAE62B8B3}.RelWithDebInfo|Win32.ActiveCfg = RelWithDebInfo|Win32
		{3BBE243A-5582-3A16-8893-95FDAE62B8B3}.RelWithDebInfo|Win32.Build.0 = RelWithDebInfo|Win32
		{B835FBB4-99B4-389D-BF67-A747C31C9F82}.Debug|Win32.ActiveCfg = Debug|Win32
		{B835FBB4-99B4-389D-BF67-A747C31C9F82}.Debug|Win32.Build.0 = Debug|Win32
		{B835FBB4-99B4-389D-BF67-A747C31C9F82}.Release|Win32.ActiveCfg = Release|Win32
		{B835FBB4-99B4-389D-BF67-A747C31C9F82}.Release|Win32.Build.0 = Release|Win32
		{B835FBB4-99B4-389D-BF67-A747C31C9F82}.MinSizeRel|Win32.ActiveCfg = MinSizeRel|Win32
		{B835FBB4-99B4-389D-BF67-A747C31C9F82}.MinSizeRel|Win32.Build.0 = MinSizeRel|Win32
		{B835FBB4-99B4-389D-BF67-A747C31C9F82}.RelWithDebInfo|Win32.ActiveCfg = RelWithDebInfo|Win32
		{B835FBB4-99B4-389D-BF67-A747C31C9F82}.RelWithDebInfo|Win32.Build.0 = RelWithDebInfo|Win32
		{BD461D33-47D9-3CE2-BF1A-2DE2A176D687}.Debug|Win32.ActiveCfg = Debug|Win32
		{BD461D33-47D9-3CE2-BF1A-2DE2A176D687}.Debug|Win32.Build.0 = Debug|Win32
		{BD461D33-47D9-3CE2-BF1A-2DE2A176D687}.Release|Win32.ActiveCfg = Release|Win32
		{BD461D33-47D9-3CE2-BF1A-2DE2A176D687}.Release|Win32.Build.0 = Release|Win32
		{BD461D33-47D9-3CE2-BF1A-2DE2A176D687}.MinSizeRel|Win32.ActiveCfg = MinSizeRel|Win32
		{BD461D33-47D9-3CE2-BF1A-2DE2A176D687}.MinSizeRel|Win32.Build.0 = MinSizeRel|Win32
		{BD461D33-47D9-3CE2-BF1A-2DE2A176D687}.RelWithDebInfo|Win32.ActiveCfg = RelWithDebInfo|Win32
		{BD461D33-47D9-3CE2-BF1A-2DE2A176D687}.RelWithDebInfo|Win32.Build.0 = RelWithDebInfo|Win32
		{3115D46B-821B-3325-88B9-CD58B5372C19}.Debug|Win32.ActiveCfg = Debug|Win32
		{3115D46B-821B-3325-88B9-CD58B5372C19}.Debug|Win32.Build.0 = Debug|Win32
		{3115D46B-821B-3325-88B9-CD58B5372C19}.Release|Win32.ActiveCfg = Release|Win32
		{3115D46B-821B-3325-88B9-CD58B5372C19}.Release|Win32.Build.0 = Release|Win32
		{3115D46B-821B-3325-88B9-CD58B5372C19}.MinSizeRel|Win32.ActiveCfg = MinSizeRel|Win32
		{3115D46B-821B-3325-88B9-CD58B5372C19}.MinSizeRel|Win32.Build.0 = MinSizeRel|Win32
		{3115D46B-821B-3325-88B9-CD58B5372C19}.RelWithDebInfo|Win32.ActiveCfg = RelWithDebInfo|Win32
		{3115D46B-821B-3325-88B9-CD58B5372C19}.RelWithDebInfo|Win32.Build.0 = RelWithDebInfo|Win32
		{8F2A3058-92BF-3A3C-8174-0D4A1D49010B}.Debug|Win32.ActiveCfg = Debug|Win32
		{8F2A3058-92BF-3A3C-8174-0D4A1D49010B}.Debug|Win32.Build.0 = Debug|Win32
		{8F2A3058-92BF-3A3C-8174-0D4A1D49010B}.Release|Win32.ActiveCfg = Release|Win32
		{8F2A3058-92BF-3A3C-8174-0D4A1D49010B}.Release|Win32.Build.0 = Release|Win32
		{8F2A3058-92BF-3A3C-8174-0D4A1D49010B}.MinSizeRel|Win32.ActiveCfg = MinSizeRel|Win32
		{8F2A3058-92BF-3A3C-8174-0D4A1D49010B}.MinSizeRel|Win32.Build.0 = MinSizeRel|Win32
		{8F2A3058-92BF-3A3C-8174-0D4A1D49010B}.RelWithDebInfo|Win32.ActiveCfg = RelWithDebInfo|Win32
		{8F2A3058-92BF-3A3C-8174-0D4A1D49010B}.RelWithDebInfo|Win32.Build.0 = RelWithDebInfo|Win32
		{4D91D0FE-D5C9-32DA-9DC0-34C8CE280E63}.Debug|Win32.ActiveCfg = Debug|Win32
		{4D91D0FE-D5C9-32DA-9DC0-34C8CE280E63}.Debug|Win32.Build.0 = Debug|Win32
		{4D91D0FE-D5C9-32DA-9DC0-34C8CE280E63}.Release|Win32.ActiveCfg = Release|Win32
		{4D91D0FE-D5C9-32DA-9DC0-34C8CE280E63}.Release|Win32.Build.0 = Release|Win32
		{4D91D0FE-D5C9-32DA-9DC0-34C8CE280E63}.MinSizeRel|Win32.ActiveCfg = MinSizeRel|Win32
		{4D91D0FE-D5C9-32DA-9DC0-34C8CE280E63}.MinSizeRel|Win32.Build.0 = MinSizeRel|Win32
		{4D91D0FE-D5C9-32DA-9DC0-34C8CE280E63}.RelWithDebInfo|Win32.ActiveCfg = RelWithDebInfo|Win32
		{4D91D0FE-D5C9-32DA-9DC0-34C8CE280E63}.RelWithDebInfo|Win32.Build.0 = RelWithDebInfo|Win32
	EndGlobalSection
	GlobalSection(ExtensibilityGlobals) = postSolution
	EndGlobalSection
	GlobalSection(ExtensibilityAddIns) = postSolution
	EndGlobalSection
EndGlobal
