<?xml version="1.0" encoding="UTF-8"?>
<Project ToolsVersion="14.0" xmlns="http://schemas.microsoft.com/developer/msbuild/2003">
  <ItemGroup>
    <ClCompile Include="C:\Local\OrCAD_Data\.vim\bundle\YouCompleteMe\third_party\ycmd\cpp\ycm\tests\gmock\gtest\src\gtest-all.cc">
      <Filter>Source Files</Filter>
    </ClCompile>
  </ItemGroup>
  <ItemGroup>
    <CustomBuild Include="C:\Local\OrCAD_Data\.vim\bundle\YouCompleteMe\third_party\ycmd\cpp\ycm\tests\gmock\gtest\CMakeLists.txt" />
  </ItemGroup>
  <ItemGroup>
    <Filter Include="Source Files">
      <UniqueIdentifier>{01192670-1230-3507-BD62-48A8517811C5}</UniqueIdentifier>
    </Filter>
  </ItemGroup>
</Project>
